
Microsoft Visual Studio Solution File, Format Version 9.00
# Visual Studio 2005
Project("{FAE04EC0-301F-11D3-BF4B-00C04F79EFBC}") = "openCrypto.NET", "openCrypto.NET\openCrypto.NET.csproj", "{59AD989B-7DD7-400B-B2D5-EFBD0004A749}"
EndProject
Project("{FAE04EC0-301F-11D3-BF4B-00C04F79EFBC}") = "Demo", "Demo\Demo.csproj", "{97D7C524-ACAC-49F2-8DB8-D1EDAABAABE2}"
EndProject
Project("{FAE04EC0-301F-11D3-BF4B-00C04F79EFBC}") = "Executable", "Executable\Executable.csproj", "{F78E928B-20EC-4238-A86C-24EDFAB15CC4}"
EndProject
Global
	GlobalSection(SolutionConfigurationPlatforms) = preSolution
		Debug|Any CPU = Debug|Any CPU
		Release|Any CPU = Release|Any CPU
		Tests|Any CPU = Tests|Any CPU
	EndGlobalSection
	GlobalSection(ProjectConfigurationPlatforms) = postSolution
		{59AD989B-7DD7-400B-B2D5-EFBD0004A749}.Debug|Any CPU.ActiveCfg = Debug|Any CPU
		{59AD989B-7DD7-400B-B2D5-EFBD0004A749}.Debug|Any CPU.Build.0 = Debug|Any CPU
		{59AD989B-7DD7-400B-B2D5-EFBD0004A749}.Release|Any CPU.ActiveCfg = Release|Any CPU
		{59AD989B-7DD7-400B-B2D5-EFBD0004A749}.Release|Any CPU.Build.0 = Release|Any CPU
		{59AD989B-7DD7-400B-B2D5-EFBD0004A749}.Tests|Any CPU.ActiveCfg = Tests|Any CPU
		{59AD989B-7DD7-400B-B2D5-EFBD0004A749}.Tests|Any CPU.Build.0 = Tests|Any CPU
		{97D7C524-ACAC-49F2-8DB8-D1EDAABAABE2}.Debug|Any CPU.ActiveCfg = Debug|Any CPU
		{97D7C524-ACAC-49F2-8DB8-D1EDAABAABE2}.Debug|Any CPU.Build.0 = Debug|Any CPU
		{97D7C524-ACAC-49F2-8DB8-D1EDAABAABE2}.Release|Any CPU.ActiveCfg = Release|Any CPU
		{97D7C524-ACAC-49F2-8DB8-D1EDAABAABE2}.Release|Any CPU.Build.0 = Release|Any CPU
		{97D7C524-ACAC-49F2-8DB8-D1EDAABAABE2}.Tests|Any CPU.ActiveCfg = Release|Any CPU
		{97D7C524-ACAC-49F2-8DB8-D1EDAABAABE2}.Tests|Any CPU.Build.0 = Release|Any CPU
		{F78E928B-20EC-4238-A86C-24EDFAB15CC4}.Debug|Any CPU.ActiveCfg = Debug|Any CPU
		{F78E928B-20EC-4238-A86C-24EDFAB15CC4}.Debug|Any CPU.Build.0 = Debug|Any CPU
		{F78E928B-20EC-4238-A86C-24EDFAB15CC4}.Release|Any CPU.ActiveCfg = Release|Any CPU
		{F78E928B-20EC-4238-A86C-24EDFAB15CC4}.Release|Any CPU.Build.0 = Release|Any CPU
		{F78E928B-20EC-4238-A86C-24EDFAB15CC4}.Tests|Any CPU.ActiveCfg = Release|Any CPU
		{F78E928B-20EC-4238-A86C-24EDFAB15CC4}.Tests|Any CPU.Build.0 = Release|Any CPU
	EndGlobalSection
	GlobalSection(SolutionProperties) = preSolution
		HideSolutionNode = FALSE
	EndGlobalSection
EndGlobal
